
Microsoft Visual Studio Solution File, Format Version 12.00
# Visual Studio Version 16
VisualStudioVersion = 16.0.32510.428
MinimumVisualStudioVersion = 10.0.40219.1
Project("{9A19103F-16F7-4668-BE54-9A1E7A4F7556}") = "ConsoleApplication", "TestPE\ConsoleApplication.csproj", "{6CE04827-D8EE-4D4A-A1C0-04326C43CE2F}"
EndProject
Project("{FAE04EC0-301F-11D3-BF4B-00C04F79EFBC}") = "Winform", "Admin_AddBook\Winform.csproj", "{F5E296CE-D210-4CE6-813D-18613E242A21}"
EndProject
Global
	GlobalSection(SolutionConfigurationPlatforms) = preSolution
		Debug|Any CPU = Debug|Any CPU
		Release|Any CPU = Release|Any CPU
	EndGlobalSection
	GlobalSection(ProjectConfigurationPlatforms) = postSolution
		{6CE04827-D8EE-4D4A-A1C0-04326C43CE2F}.Debug|Any CPU.ActiveCfg = Debug|Any CPU
		{6CE04827-D8EE-4D4A-A1C0-04326C43CE2F}.Debug|Any CPU.Build.0 = Debug|Any CPU
		{6CE04827-D8EE-4D4A-A1C0-04326C43CE2F}.Release|Any CPU.ActiveCfg = Release|Any CPU
		{6CE04827-D8EE-4D4A-A1C0-04326C43CE2F}.Release|Any CPU.Build.0 = Release|Any CPU
		{F5E296CE-D210-4CE6-813D-18613E242A21}.Debug|Any CPU.ActiveCfg = Debug|Any CPU
		{F5E296CE-D210-4CE6-813D-18613E242A21}.Debug|Any CPU.Build.0 = Debug|Any CPU
		{F5E296CE-D210-4CE6-813D-18613E242A21}.Release|Any CPU.ActiveCfg = Release|Any CPU
		{F5E296CE-D210-4CE6-813D-18613E242A21}.Release|Any CPU.Build.0 = Release|Any CPU
	EndGlobalSection
	GlobalSection(SolutionProperties) = preSolution
		HideSolutionNode = FALSE
	EndGlobalSection
	GlobalSection(ExtensibilityGlobals) = postSolution
		SolutionGuid = {28C61DBB-C5B9-4F07-9C55-B09876FFB555}
	EndGlobalSection
EndGlobal
